// !$*UTF8*$!
{
	archiveVersion = 1;
	classes = {
	};
	objectVersion = 55;
	objects = {

/* Begin PBXBuildFile section */
		786F6AD9EC5151D832218625 /* Pods_VT6002CEM_217109054.framework in Frameworks */ = {isa = PBXBuildFile; fileRef = 7885D95FE8E80E21ACB52719 /* Pods_VT6002CEM_217109054.framework */; };
		9D51F65265D69E6A6D48F20D /* Pods_VT6002CEM_217109054_VT6002CEM_217109054UITests.framework in Frameworks */ = {isa = PBXBuildFile; fileRef = 2892CFA17B0CF074B6372FDE /* Pods_VT6002CEM_217109054_VT6002CEM_217109054UITests.framework */; };
		CE0573C827844C9D00CBB247 /* MainTabController.swift in Sources */ = {isa = PBXBuildFile; fileRef = CE0573C727844C9D00CBB247 /* MainTabController.swift */; };
		CE0573CA27845EA800CBB247 /* Service.swift in Sources */ = {isa = PBXBuildFile; fileRef = CE0573C927845EA800CBB247 /* Service.swift */; };
		CE1C62F8278C84270020820E /* TableViewController.swift in Sources */ = {isa = PBXBuildFile; fileRef = CE1C62F7278C84270020820E /* TableViewController.swift */; };
		CE1C62FA278C846A0020820E /* ActivityController.swift in Sources */ = {isa = PBXBuildFile; fileRef = CE1C62F9278C846A0020820E /* ActivityController.swift */; };
		CE1C62FF278CA6B90020820E /* NoteTableView.swift in Sources */ = {isa = PBXBuildFile; fileRef = CE1C62FB278CA6B90020820E /* NoteTableView.swift */; };
		CE1C6300278CA6B90020820E /* NoteCell.swift in Sources */ = {isa = PBXBuildFile; fileRef = CE1C62FC278CA6B90020820E /* NoteCell.swift */; };
		CE1C6301278CA6B90020820E /* Note.swift in Sources */ = {isa = PBXBuildFile; fileRef = CE1C62FD278CA6B90020820E /* Note.swift */; };
		CE1C6302278CA6B90020820E /* NoteDetailVC.swift in Sources */ = {isa = PBXBuildFile; fileRef = CE1C62FE278CA6B90020820E /* NoteDetailVC.swift */; };
		CE2185D5278D6A93005189A0 /* UserInfoViewController.swift in Sources */ = {isa = PBXBuildFile; fileRef = CE2185D4278D6A93005189A0 /* UserInfoViewController.swift */; };
		CE2185D7278D8CF7005189A0 /* FaceIDViewController.swift in Sources */ = {isa = PBXBuildFile; fileRef = CE2185D6278D8CF7005189A0 /* FaceIDViewController.swift */; };
		CE2185DB278D9234005189A0 /* NavigationController.swift in Sources */ = {isa = PBXBuildFile; fileRef = CE2185DA278D9234005189A0 /* NavigationController.swift */; };
		CE3CE0D22787780E005811DB /* WebViewController.swift in Sources */ = {isa = PBXBuildFile; fileRef = CE3CE0D12787780E005811DB /* WebViewController.swift */; };
		CE44CDC0278B6AAB00BB464D /* MapKitController.swift in Sources */ = {isa = PBXBuildFile; fileRef = CE44CDBF278B6AAB00BB464D /* MapKitController.swift */; };
		CE5F99D427832F7300BFA59C /* GoogleService-Info.plist in Resources */ = {isa = PBXBuildFile; fileRef = CE5F99D327832F7300BFA59C /* GoogleService-Info.plist */; };
		CE5F99D7278330A900BFA59C /* FirebaseAnalytics in Frameworks */ = {isa = PBXBuildFile; productRef = CE5F99D6278330A900BFA59C /* FirebaseAnalytics */; };
		CE5F99D9278330A900BFA59C /* FirebaseAnalyticsSwift-Beta in Frameworks */ = {isa = PBXBuildFile; productRef = CE5F99D8278330A900BFA59C /* FirebaseAnalyticsSwift-Beta */; };
		CE5F99DB278330A900BFA59C /* FirebaseAnalyticsWithoutAdIdSupport in Frameworks */ = {isa = PBXBuildFile; productRef = CE5F99DA278330A900BFA59C /* FirebaseAnalyticsWithoutAdIdSupport */; };
		CE5F99DD278330A900BFA59C /* FirebaseAppCheck in Frameworks */ = {isa = PBXBuildFile; productRef = CE5F99DC278330A900BFA59C /* FirebaseAppCheck */; };
		CE5F99DF278330A900BFA59C /* FirebaseAppDistribution-Beta in Frameworks */ = {isa = PBXBuildFile; productRef = CE5F99DE278330A900BFA59C /* FirebaseAppDistribution-Beta */; };
		CE5F99E1278330A900BFA59C /* FirebaseAuth in Frameworks */ = {isa = PBXBuildFile; productRef = CE5F99E0278330A900BFA59C /* FirebaseAuth */; };
		CE5F99E3278330A900BFA59C /* FirebaseAuthCombine-Community in Frameworks */ = {isa = PBXBuildFile; productRef = CE5F99E2278330A900BFA59C /* FirebaseAuthCombine-Community */; };
		CE5F99E5278330A900BFA59C /* FirebaseCrashlytics in Frameworks */ = {isa = PBXBuildFile; productRef = CE5F99E4278330A900BFA59C /* FirebaseCrashlytics */; };
		CE5F99E7278330A900BFA59C /* FirebaseDatabase in Frameworks */ = {isa = PBXBuildFile; productRef = CE5F99E6278330A900BFA59C /* FirebaseDatabase */; };
		CE5F99E9278330A900BFA59C /* FirebaseDatabaseSwift-Beta in Frameworks */ = {isa = PBXBuildFile; productRef = CE5F99E8278330A900BFA59C /* FirebaseDatabaseSwift-Beta */; };
		CE5F99EB278330A900BFA59C /* FirebaseDynamicLinks in Frameworks */ = {isa = PBXBuildFile; productRef = CE5F99EA278330A900BFA59C /* FirebaseDynamicLinks */; };
		CE5F99ED278330A900BFA59C /* FirebaseFirestore in Frameworks */ = {isa = PBXBuildFile; productRef = CE5F99EC278330A900BFA59C /* FirebaseFirestore */; };
		CE5F99EF278330A900BFA59C /* FirebaseFirestoreCombine-Community in Frameworks */ = {isa = PBXBuildFile; productRef = CE5F99EE278330A900BFA59C /* FirebaseFirestoreCombine-Community */; };
		CE5F99F1278330A900BFA59C /* FirebaseFirestoreSwift-Beta in Frameworks */ = {isa = PBXBuildFile; productRef = CE5F99F0278330A900BFA59C /* FirebaseFirestoreSwift-Beta */; };
		CE5F99F3278330A900BFA59C /* FirebaseFunctions in Frameworks */ = {isa = PBXBuildFile; productRef = CE5F99F2278330A900BFA59C /* FirebaseFunctions */; };
		CE5F99F5278330A900BFA59C /* FirebaseFunctionsCombine-Community in Frameworks */ = {isa = PBXBuildFile; productRef = CE5F99F4278330A900BFA59C /* FirebaseFunctionsCombine-Community */; };
		CE5F99F7278330A900BFA59C /* FirebaseInAppMessaging-Beta in Frameworks */ = {isa = PBXBuildFile; productRef = CE5F99F6278330A900BFA59C /* FirebaseInAppMessaging-Beta */; };
		CE5F99F9278330A900BFA59C /* FirebaseInAppMessagingSwift-Beta in Frameworks */ = {isa = PBXBuildFile; productRef = CE5F99F8278330A900BFA59C /* FirebaseInAppMessagingSwift-Beta */; };
		CE5F99FB278330A900BFA59C /* FirebaseInstallations in Frameworks */ = {isa = PBXBuildFile; productRef = CE5F99FA278330A900BFA59C /* FirebaseInstallations */; };
		CE5F99FD278330A900BFA59C /* FirebaseMLModelDownloader in Frameworks */ = {isa = PBXBuildFile; productRef = CE5F99FC278330A900BFA59C /* FirebaseMLModelDownloader */; };
		CE5F99FF278330A900BFA59C /* FirebaseMessaging in Frameworks */ = {isa = PBXBuildFile; productRef = CE5F99FE278330A900BFA59C /* FirebaseMessaging */; };
		CE5F9A01278330A900BFA59C /* FirebasePerformance in Frameworks */ = {isa = PBXBuildFile; productRef = CE5F9A00278330A900BFA59C /* FirebasePerformance */; };
		CE5F9A03278330A900BFA59C /* FirebaseRemoteConfig in Frameworks */ = {isa = PBXBuildFile; productRef = CE5F9A02278330A900BFA59C /* FirebaseRemoteConfig */; };
		CE5F9A05278330A900BFA59C /* FirebaseStorage in Frameworks */ = {isa = PBXBuildFile; productRef = CE5F9A04278330A900BFA59C /* FirebaseStorage */; };
		CE5F9A07278330A900BFA59C /* FirebaseStorageCombine-Community in Frameworks */ = {isa = PBXBuildFile; productRef = CE5F9A06278330A900BFA59C /* FirebaseStorageCombine-Community */; };
		CE5F9A09278330A900BFA59C /* FirebaseStorageSwift-Beta in Frameworks */ = {isa = PBXBuildFile; productRef = CE5F9A08278330A900BFA59C /* FirebaseStorageSwift-Beta */; };
		CE5F9A0B27833BA600BFA59C /* Constants.swift in Sources */ = {isa = PBXBuildFile; fileRef = CE5F9A0A27833BA600BFA59C /* Constants.swift */; };
		CE5F9A0E278358A000BFA59C /* video.mp4 in Resources */ = {isa = PBXBuildFile; fileRef = CE5F9A0D278358A000BFA59C /* video.mp4 */; };
		CE90284C2782F424000EC8AE /* SignUpViewController.swift in Sources */ = {isa = PBXBuildFile; fileRef = CE90284B2782F424000EC8AE /* SignUpViewController.swift */; };
		CE90284E2782F447000EC8AE /* LoginViewController.swift in Sources */ = {isa = PBXBuildFile; fileRef = CE90284D2782F447000EC8AE /* LoginViewController.swift */; };
		CE9028502782F460000EC8AE /* HomeViewController.swift in Sources */ = {isa = PBXBuildFile; fileRef = CE90284F2782F460000EC8AE /* HomeViewController.swift */; };
		CE90285327830D54000EC8AE /* Utilities.swift in Sources */ = {isa = PBXBuildFile; fileRef = CE90285227830D54000EC8AE /* Utilities.swift */; };
		CEC97B63277E1FAF009C5D0E /* AppDelegate.swift in Sources */ = {isa = PBXBuildFile; fileRef = CEC97B62277E1FAF009C5D0E /* AppDelegate.swift */; };
		CEC97B65277E1FAF009C5D0E /* SceneDelegate.swift in Sources */ = {isa = PBXBuildFile; fileRef = CEC97B64277E1FAF009C5D0E /* SceneDelegate.swift */; };
		CEC97B67277E1FAF009C5D0E /* ViewController.swift in Sources */ = {isa = PBXBuildFile; fileRef = CEC97B66277E1FAF009C5D0E /* ViewController.swift */; };
		CEC97B6A277E1FAF009C5D0E /* Main.storyboard in Resources */ = {isa = PBXBuildFile; fileRef = CEC97B68277E1FAF009C5D0E /* Main.storyboard */; };
		CEC97B6D277E1FAF009C5D0E /* VT6002CEM_217109054.xcdatamodeld in Sources */ = {isa = PBXBuildFile; fileRef = CEC97B6B277E1FAF009C5D0E /* VT6002CEM_217109054.xcdatamodeld */; };
		CEC97B6F277E1FB0009C5D0E /* Assets.xcassets in Resources */ = {isa = PBXBuildFile; fileRef = CEC97B6E277E1FB0009C5D0E /* Assets.xcassets */; };
		CEC97B72277E1FB0009C5D0E /* LaunchScreen.storyboard in Resources */ = {isa = PBXBuildFile; fileRef = CEC97B70277E1FB0009C5D0E /* LaunchScreen.storyboard */; };
		CEC97B7D277E1FB0009C5D0E /* VT6002CEM_217109054Tests.swift in Sources */ = {isa = PBXBuildFile; fileRef = CEC97B7C277E1FB0009C5D0E /* VT6002CEM_217109054Tests.swift */; };
		CEC97B87277E1FB0009C5D0E /* VT6002CEM_217109054UITests.swift in Sources */ = {isa = PBXBuildFile; fileRef = CEC97B86277E1FB0009C5D0E /* VT6002CEM_217109054UITests.swift */; };
		CEC97B89277E1FB0009C5D0E /* VT6002CEM_217109054UITestsLaunchTests.swift in Sources */ = {isa = PBXBuildFile; fileRef = CEC97B88277E1FB0009C5D0E /* VT6002CEM_217109054UITestsLaunchTests.swift */; };
		FB666EC58FD361F60ACC5B38 /* Pods_VT6002CEM_217109054Tests.framework in Frameworks */ = {isa = PBXBuildFile; fileRef = 78E71BFC38B9DA737CBC53F1 /* Pods_VT6002CEM_217109054Tests.framework */; };
/* End PBXBuildFile section */

/* Begin PBXContainerItemProxy section */
		CEC97B79277E1FB0009C5D0E /* PBXContainerItemProxy */ = {
			isa = PBXContainerItemProxy;
			containerPortal = CEC97B57277E1FAF009C5D0E /* Project object */;
			proxyType = 1;
			remoteGlobalIDString = CEC97B5E277E1FAF009C5D0E;
			remoteInfo = VT6002CEM_217109054;
		};
		CEC97B83277E1FB0009C5D0E /* PBXContainerItemProxy */ = {
			isa = PBXContainerItemProxy;
			containerPortal = CEC97B57277E1FAF009C5D0E /* Project object */;
			proxyType = 1;
			remoteGlobalIDString = CEC97B5E277E1FAF009C5D0E;
			remoteInfo = VT6002CEM_217109054;
		};
/* End PBXContainerItemProxy section */

/* Begin PBXFileReference section */
		2892CFA17B0CF074B6372FDE /* Pods_VT6002CEM_217109054_VT6002CEM_217109054UITests.framework */ = {isa = PBXFileReference; explicitFileType = wrapper.framework; includeInIndex = 0; path = Pods_VT6002CEM_217109054_VT6002CEM_217109054UITests.framework; sourceTree = BUILT_PRODUCTS_DIR; };
		3175A0678E1F2A5B9CADC495 /* Pods-VT6002CEM_217109054-VT6002CEM_217109054UITests.release.xcconfig */ = {isa = PBXFileReference; includeInIndex = 1; lastKnownFileType = text.xcconfig; name = "Pods-VT6002CEM_217109054-VT6002CEM_217109054UITests.release.xcconfig"; path = "Target Support Files/Pods-VT6002CEM_217109054-VT6002CEM_217109054UITests/Pods-VT6002CEM_217109054-VT6002CEM_217109054UITests.release.xcconfig"; sourceTree = "<group>"; };
		524D04CD3F91CFC460CB1BF1 /* Pods-VT6002CEM_217109054Tests.debug.xcconfig */ = {isa = PBXFileReference; includeInIndex = 1; lastKnownFileType = text.xcconfig; name = "Pods-VT6002CEM_217109054Tests.debug.xcconfig"; path = "Target Support Files/Pods-VT6002CEM_217109054Tests/Pods-VT6002CEM_217109054Tests.debug.xcconfig"; sourceTree = "<group>"; };
		7885D95FE8E80E21ACB52719 /* Pods_VT6002CEM_217109054.framework */ = {isa = PBXFileReference; explicitFileType = wrapper.framework; includeInIndex = 0; path = Pods_VT6002CEM_217109054.framework; sourceTree = BUILT_PRODUCTS_DIR; };
		78E71BFC38B9DA737CBC53F1 /* Pods_VT6002CEM_217109054Tests.framework */ = {isa = PBXFileReference; explicitFileType = wrapper.framework; includeInIndex = 0; path = Pods_VT6002CEM_217109054Tests.framework; sourceTree = BUILT_PRODUCTS_DIR; };
		C8C9536948F2AFF656CB38A0 /* Pods-VT6002CEM_217109054Tests.release.xcconfig */ = {isa = PBXFileReference; includeInIndex = 1; lastKnownFileType = text.xcconfig; name = "Pods-VT6002CEM_217109054Tests.release.xcconfig"; path = "Target Support Files/Pods-VT6002CEM_217109054Tests/Pods-VT6002CEM_217109054Tests.release.xcconfig"; sourceTree = "<group>"; };
		CE0573C727844C9D00CBB247 /* MainTabController.swift */ = {isa = PBXFileReference; lastKnownFileType = sourcecode.swift; path = MainTabController.swift; sourceTree = "<group>"; };
		CE0573C927845EA800CBB247 /* Service.swift */ = {isa = PBXFileReference; lastKnownFileType = sourcecode.swift; path = Service.swift; sourceTree = "<group>"; };
		CE1C62F7278C84270020820E /* TableViewController.swift */ = {isa = PBXFileReference; lastKnownFileType = sourcecode.swift; path = TableViewController.swift; sourceTree = "<group>"; };
		CE1C62F9278C846A0020820E /* ActivityController.swift */ = {isa = PBXFileReference; lastKnownFileType = sourcecode.swift; path = ActivityController.swift; sourceTree = "<group>"; };
		CE1C62FB278CA6B90020820E /* NoteTableView.swift */ = {isa = PBXFileReference; fileEncoding = 4; lastKnownFileType = sourcecode.swift; path = NoteTableView.swift; sourceTree = "<group>"; };
		CE1C62FC278CA6B90020820E /* NoteCell.swift */ = {isa = PBXFileReference; fileEncoding = 4; lastKnownFileType = sourcecode.swift; path = NoteCell.swift; sourceTree = "<group>"; };
		CE1C62FD278CA6B90020820E /* Note.swift */ = {isa = PBXFileReference; fileEncoding = 4; lastKnownFileType = sourcecode.swift; path = Note.swift; sourceTree = "<group>"; };
		CE1C62FE278CA6B90020820E /* NoteDetailVC.swift */ = {isa = PBXFileReference; fileEncoding = 4; lastKnownFileType = sourcecode.swift; path = NoteDetailVC.swift; sourceTree = "<group>"; };
		CE2185D4278D6A93005189A0 /* UserInfoViewController.swift */ = {isa = PBXFileReference; lastKnownFileType = sourcecode.swift; path = UserInfoViewController.swift; sourceTree = "<group>"; };
		CE2185D6278D8CF7005189A0 /* FaceIDViewController.swift */ = {isa = PBXFileReference; lastKnownFileType = sourcecode.swift; path = FaceIDViewController.swift; sourceTree = "<group>"; };
		CE2185DA278D9234005189A0 /* NavigationController.swift */ = {isa = PBXFileReference; lastKnownFileType = sourcecode.swift; path = NavigationController.swift; sourceTree = "<group>"; };
		CE3CE0D12787780E005811DB /* WebViewController.swift */ = {isa = PBXFileReference; lastKnownFileType = sourcecode.swift; path = WebViewController.swift; sourceTree = "<group>"; };
		CE44CDBF278B6AAB00BB464D /* MapKitController.swift */ = {isa = PBXFileReference; lastKnownFileType = sourcecode.swift; path = MapKitController.swift; sourceTree = "<group>"; };
		CE5F99D327832F7300BFA59C /* GoogleService-Info.plist */ = {isa = PBXFileReference; fileEncoding = 4; lastKnownFileType = text.plist.xml; path = "GoogleService-Info.plist"; sourceTree = "<group>"; };
		CE5F9A0A27833BA600BFA59C /* Constants.swift */ = {isa = PBXFileReference; lastKnownFileType = sourcecode.swift; path = Constants.swift; sourceTree = "<group>"; };
		CE5F9A0D278358A000BFA59C /* video.mp4 */ = {isa = PBXFileReference; lastKnownFileType = file; path = video.mp4; sourceTree = "<group>"; };
		CE90284B2782F424000EC8AE /* SignUpViewController.swift */ = {isa = PBXFileReference; lastKnownFileType = sourcecode.swift; path = SignUpViewController.swift; sourceTree = "<group>"; };
		CE90284D2782F447000EC8AE /* LoginViewController.swift */ = {isa = PBXFileReference; lastKnownFileType = sourcecode.swift; path = LoginViewController.swift; sourceTree = "<group>"; };
		CE90284F2782F460000EC8AE /* HomeViewController.swift */ = {isa = PBXFileReference; lastKnownFileType = sourcecode.swift; path = HomeViewController.swift; sourceTree = "<group>"; };
		CE90285227830D54000EC8AE /* Utilities.swift */ = {isa = PBXFileReference; lastKnownFileType = sourcecode.swift; path = Utilities.swift; sourceTree = "<group>"; };
		CEC97B5F277E1FAF009C5D0E /* VT6002CEM_217109054.app */ = {isa = PBXFileReference; explicitFileType = wrapper.application; includeInIndex = 0; path = VT6002CEM_217109054.app; sourceTree = BUILT_PRODUCTS_DIR; };
		CEC97B62277E1FAF009C5D0E /* AppDelegate.swift */ = {isa = PBXFileReference; lastKnownFileType = sourcecode.swift; path = AppDelegate.swift; sourceTree = "<group>"; };
		CEC97B64277E1FAF009C5D0E /* SceneDelegate.swift */ = {isa = PBXFileReference; lastKnownFileType = sourcecode.swift; path = SceneDelegate.swift; sourceTree = "<group>"; };
		CEC97B66277E1FAF009C5D0E /* ViewController.swift */ = {isa = PBXFileReference; lastKnownFileType = sourcecode.swift; path = ViewController.swift; sourceTree = "<group>"; };
		CEC97B69277E1FAF009C5D0E /* Base */ = {isa = PBXFileReference; lastKnownFileType = file.storyboard; name = Base; path = Base.lproj/Main.storyboard; sourceTree = "<group>"; };
		CEC97B6C277E1FAF009C5D0E /* VT6002CEM_217109054.xcdatamodel */ = {isa = PBXFileReference; lastKnownFileType = wrapper.xcdatamodel; path = VT6002CEM_217109054.xcdatamodel; sourceTree = "<group>"; };
		CEC97B6E277E1FB0009C5D0E /* Assets.xcassets */ = {isa = PBXFileReference; lastKnownFileType = folder.assetcatalog; path = Assets.xcassets; sourceTree = "<group>"; };
		CEC97B71277E1FB0009C5D0E /* Base */ = {isa = PBXFileReference; lastKnownFileType = file.storyboard; name = Base; path = Base.lproj/LaunchScreen.storyboard; sourceTree = "<group>"; };
		CEC97B73277E1FB0009C5D0E /* Info.plist */ = {isa = PBXFileReference; lastKnownFileType = text.plist.xml; path = Info.plist; sourceTree = "<group>"; };
		CEC97B78277E1FB0009C5D0E /* VT6002CEM_217109054Tests.xctest */ = {isa = PBXFileReference; explicitFileType = wrapper.cfbundle; includeInIndex = 0; path = VT6002CEM_217109054Tests.xctest; sourceTree = BUILT_PRODUCTS_DIR; };
		CEC97B7C277E1FB0009C5D0E /* VT6002CEM_217109054Tests.swift */ = {isa = PBXFileReference; lastKnownFileType = sourcecode.swift; path = VT6002CEM_217109054Tests.swift; sourceTree = "<group>"; };
		CEC97B82277E1FB0009C5D0E /* VT6002CEM_217109054UITests.xctest */ = {isa = PBXFileReference; explicitFileType = wrapper.cfbundle; includeInIndex = 0; path = VT6002CEM_217109054UITests.xctest; sourceTree = BUILT_PRODUCTS_DIR; };
		CEC97B86277E1FB0009C5D0E /* VT6002CEM_217109054UITests.swift */ = {isa = PBXFileReference; lastKnownFileType = sourcecode.swift; path = VT6002CEM_217109054UITests.swift; sourceTree = "<group>"; };
		CEC97B88277E1FB0009C5D0E /* VT6002CEM_217109054UITestsLaunchTests.swift */ = {isa = PBXFileReference; lastKnownFileType = sourcecode.swift; path = VT6002CEM_217109054UITestsLaunchTests.swift; sourceTree = "<group>"; };
		DACEA90A23D067F69C4DD643 /* Pods-VT6002CEM_217109054.release.xcconfig */ = {isa = PBXFileReference; includeInIndex = 1; lastKnownFileType = text.xcconfig; name = "Pods-VT6002CEM_217109054.release.xcconfig"; path = "Target Support Files/Pods-VT6002CEM_217109054/Pods-VT6002CEM_217109054.release.xcconfig"; sourceTree = "<group>"; };
		E32A1F851F81CAD8A152EFE0 /* Pods-VT6002CEM_217109054-VT6002CEM_217109054UITests.debug.xcconfig */ = {isa = PBXFileReference; includeInIndex = 1; lastKnownFileType = text.xcconfig; name = "Pods-VT6002CEM_217109054-VT6002CEM_217109054UITests.debug.xcconfig"; path = "Target Support Files/Pods-VT6002CEM_217109054-VT6002CEM_217109054UITests/Pods-VT6002CEM_217109054-VT6002CEM_217109054UITests.debug.xcconfig"; sourceTree = "<group>"; };
		E846C04DD5B643AB835BA55A /* Pods-VT6002CEM_217109054.debug.xcconfig */ = {isa = PBXFileReference; includeInIndex = 1; lastKnownFileType = text.xcconfig; name = "Pods-VT6002CEM_217109054.debug.xcconfig"; path = "Target Support Files/Pods-VT6002CEM_217109054/Pods-VT6002CEM_217109054.debug.xcconfig"; sourceTree = "<group>"; };
/* End PBXFileReference section */

/* Begin PBXFrameworksBuildPhase section */
		CEC97B5C277E1FAF009C5D0E /* Frameworks */ = {
			isa = PBXFrameworksBuildPhase;
			buildActionMask = 2147483647;
			files = (
				CE5F9A01278330A900BFA59C /* FirebasePerformance in Frameworks */,
				CE5F99EF278330A900BFA59C /* FirebaseFirestoreCombine-Community in Frameworks */,
				CE5F99E9278330A900BFA59C /* FirebaseDatabaseSwift-Beta in Frameworks */,
				CE5F99EB278330A900BFA59C /* FirebaseDynamicLinks in Frameworks */,
				CE5F99DD278330A900BFA59C /* FirebaseAppCheck in Frameworks */,
				CE5F9A05278330A900BFA59C /* FirebaseStorage in Frameworks */,
				CE5F99E1278330A900BFA59C /* FirebaseAuth in Frameworks */,
				CE5F9A09278330A900BFA59C /* FirebaseStorageSwift-Beta in Frameworks */,
				CE5F99F7278330A900BFA59C /* FirebaseInAppMessaging-Beta in Frameworks */,
				CE5F99D9278330A900BFA59C /* FirebaseAnalyticsSwift-Beta in Frameworks */,
				CE5F99FD278330A900BFA59C /* FirebaseMLModelDownloader in Frameworks */,
				CE5F99ED278330A900BFA59C /* FirebaseFirestore in Frameworks */,
				CE5F99FF278330A900BFA59C /* FirebaseMessaging in Frameworks */,
				CE5F99FB278330A900BFA59C /* FirebaseInstallations in Frameworks */,
				CE5F99F5278330A900BFA59C /* FirebaseFunctionsCombine-Community in Frameworks */,
				CE5F99DF278330A900BFA59C /* FirebaseAppDistribution-Beta in Frameworks */,
				CE5F99DB278330A900BFA59C /* FirebaseAnalyticsWithoutAdIdSupport in Frameworks */,
				CE5F99F1278330A900BFA59C /* FirebaseFirestoreSwift-Beta in Frameworks */,
				CE5F99E5278330A900BFA59C /* FirebaseCrashlytics in Frameworks */,
				CE5F99E7278330A900BFA59C /* FirebaseDatabase in Frameworks */,
				CE5F9A03278330A900BFA59C /* FirebaseRemoteConfig in Frameworks */,
				CE5F99F3278330A900BFA59C /* FirebaseFunctions in Frameworks */,
				CE5F99E3278330A900BFA59C /* FirebaseAuthCombine-Community in Frameworks */,
				CE5F9A07278330A900BFA59C /* FirebaseStorageCombine-Community in Frameworks */,
				CE5F99F9278330A900BFA59C /* FirebaseInAppMessagingSwift-Beta in Frameworks */,
				CE5F99D7278330A900BFA59C /* FirebaseAnalytics in Frameworks */,
				786F6AD9EC5151D832218625 /* Pods_VT6002CEM_217109054.framework in Frameworks */,
			);
			runOnlyForDeploymentPostprocessing = 0;
		};
		CEC97B75277E1FB0009C5D0E /* Frameworks */ = {
			isa = PBXFrameworksBuildPhase;
			buildActionMask = 2147483647;
			files = (
				FB666EC58FD361F60ACC5B38 /* Pods_VT6002CEM_217109054Tests.framework in Frameworks */,
			);
			runOnlyForDeploymentPostprocessing = 0;
		};
		CEC97B7F277E1FB0009C5D0E /* Frameworks */ = {
			isa = PBXFrameworksBuildPhase;
			buildActionMask = 2147483647;
			files = (
				9D51F65265D69E6A6D48F20D /* Pods_VT6002CEM_217109054_VT6002CEM_217109054UITests.framework in Frameworks */,
			);
			runOnlyForDeploymentPostprocessing = 0;
		};
/* End PBXFrameworksBuildPhase section */

/* Begin PBXGroup section */
		37AD1C474ED5F8880A5366C4 /* Pods */ = {
			isa = PBXGroup;
			children = (
				E846C04DD5B643AB835BA55A /* Pods-VT6002CEM_217109054.debug.xcconfig */,
				DACEA90A23D067F69C4DD643 /* Pods-VT6002CEM_217109054.release.xcconfig */,
				E32A1F851F81CAD8A152EFE0 /* Pods-VT6002CEM_217109054-VT6002CEM_217109054UITests.debug.xcconfig */,
				3175A0678E1F2A5B9CADC495 /* Pods-VT6002CEM_217109054-VT6002CEM_217109054UITests.release.xcconfig */,
				524D04CD3F91CFC460CB1BF1 /* Pods-VT6002CEM_217109054Tests.debug.xcconfig */,
				C8C9536948F2AFF656CB38A0 /* Pods-VT6002CEM_217109054Tests.release.xcconfig */,
			);
			path = Pods;
			sourceTree = "<group>";
		};
		A6920D73E2F4967CCB10C578 /* Frameworks */ = {
			isa = PBXGroup;
			children = (
				7885D95FE8E80E21ACB52719 /* Pods_VT6002CEM_217109054.framework */,
				2892CFA17B0CF074B6372FDE /* Pods_VT6002CEM_217109054_VT6002CEM_217109054UITests.framework */,
				78E71BFC38B9DA737CBC53F1 /* Pods_VT6002CEM_217109054Tests.framework */,
			);
			name = Frameworks;
			sourceTree = "<group>";
		};
		CE5F9A0C2783432B00BFA59C /* Video */ = {
			isa = PBXGroup;
			children = (
				CE5F9A0D278358A000BFA59C /* video.mp4 */,
			);
			path = Video;
			sourceTree = "<group>";
		};
		CE9028512782F48E000EC8AE /* View Controller */ = {
			isa = PBXGroup;
			children = (
				CE1C62FD278CA6B90020820E /* Note.swift */,
				CE1C62FC278CA6B90020820E /* NoteCell.swift */,
				CE1C62FE278CA6B90020820E /* NoteDetailVC.swift */,
				CE1C62FB278CA6B90020820E /* NoteTableView.swift */,
				CEC97B66277E1FAF009C5D0E /* ViewController.swift */,
				CE90284B2782F424000EC8AE /* SignUpViewController.swift */,
				CE90284D2782F447000EC8AE /* LoginViewController.swift */,
				CE90284F2782F460000EC8AE /* HomeViewController.swift */,
				CE0573C727844C9D00CBB247 /* MainTabController.swift */,
				CE3CE0D12787780E005811DB /* WebViewController.swift */,
				CE44CDBF278B6AAB00BB464D /* MapKitController.swift */,
				CE1C62F7278C84270020820E /* TableViewController.swift */,
				CE1C62F9278C846A0020820E /* ActivityController.swift */,
				CE2185D4278D6A93005189A0 /* UserInfoViewController.swift */,
				CE2185D6278D8CF7005189A0 /* FaceIDViewController.swift */,
				CE2185DA278D9234005189A0 /* NavigationController.swift */,
			);
			path = "View Controller";
			sourceTree = "<group>";
		};
		CEC97B56277E1FAF009C5D0E = {
			isa = PBXGroup;
			children = (
				CEC97B61277E1FAF009C5D0E /* VT6002CEM_217109054 */,
				CEC97B7B277E1FB0009C5D0E /* VT6002CEM_217109054Tests */,
				CEC97B85277E1FB0009C5D0E /* VT6002CEM_217109054UITests */,
				CEC97B60277E1FAF009C5D0E /* Products */,
				37AD1C474ED5F8880A5366C4 /* Pods */,
				A6920D73E2F4967CCB10C578 /* Frameworks */,
			);
			sourceTree = "<group>";
		};
		CEC97B60277E1FAF009C5D0E /* Products */ = {
			isa = PBXGroup;
			children = (
				CEC97B5F277E1FAF009C5D0E /* VT6002CEM_217109054.app */,
				CEC97B78277E1FB0009C5D0E /* VT6002CEM_217109054Tests.xctest */,
				CEC97B82277E1FB0009C5D0E /* VT6002CEM_217109054UITests.xctest */,
			);
			name = Products;
			sourceTree = "<group>";
		};
		CEC97B61277E1FAF009C5D0E /* VT6002CEM_217109054 */ = {
			isa = PBXGroup;
			children = (
				CE5F9A0C2783432B00BFA59C /* Video */,
				CEC97B62277E1FAF009C5D0E /* AppDelegate.swift */,
				CEC97B64277E1FAF009C5D0E /* SceneDelegate.swift */,
				CE90285227830D54000EC8AE /* Utilities.swift */,
				CE5F9A0A27833BA600BFA59C /* Constants.swift */,
				CE9028512782F48E000EC8AE /* View Controller */,
				CEC97B68277E1FAF009C5D0E /* Main.storyboard */,
				CEC97B6E277E1FB0009C5D0E /* Assets.xcassets */,
				CEC97B70277E1FB0009C5D0E /* LaunchScreen.storyboard */,
				CEC97B73277E1FB0009C5D0E /* Info.plist */,
				CE5F99D327832F7300BFA59C /* GoogleService-Info.plist */,
				CEC97B6B277E1FAF009C5D0E /* VT6002CEM_217109054.xcdatamodeld */,
				CE0573C927845EA800CBB247 /* Service.swift */,
			);
			path = VT6002CEM_217109054;
			sourceTree = "<group>";
		};
		CEC97B7B277E1FB0009C5D0E /* VT6002CEM_217109054Tests */ = {
			isa = PBXGroup;
			children = (
				CEC97B7C277E1FB0009C5D0E /* VT6002CEM_217109054Tests.swift */,
			);
			path = VT6002CEM_217109054Tests;
			sourceTree = "<group>";
		};
		CEC97B85277E1FB0009C5D0E /* VT6002CEM_217109054UITests */ = {
			isa = PBXGroup;
			children = (
				CEC97B86277E1FB0009C5D0E /* VT6002CEM_217109054UITests.swift */,
				CEC97B88277E1FB0009C5D0E /* VT6002CEM_217109054UITestsLaunchTests.swift */,
			);
			path = VT6002CEM_217109054UITests;
			sourceTree = "<group>";
		};
/* End PBXGroup section */

/* Begin PBXNativeTarget section */
		CEC97B5E277E1FAF009C5D0E /* VT6002CEM_217109054 */ = {
			isa = PBXNativeTarget;
			buildConfigurationList = CEC97B8C277E1FB0009C5D0E /* Build configuration list for PBXNativeTarget "VT6002CEM_217109054" */;
			buildPhases = (
				27EEB4F631CAE05E21E6DDD2 /* [CP] Check Pods Manifest.lock */,
				CEC97B5B277E1FAF009C5D0E /* Sources */,
				CEC97B5C277E1FAF009C5D0E /* Frameworks */,
				CEC97B5D277E1FAF009C5D0E /* Resources */,
			);
			buildRules = (
			);
			dependencies = (
			);
			name = VT6002CEM_217109054;
			packageProductDependencies = (
				CE5F99D6278330A900BFA59C /* FirebaseAnalytics */,
				CE5F99D8278330A900BFA59C /* FirebaseAnalyticsSwift-Beta */,
				CE5F99DA278330A900BFA59C /* FirebaseAnalyticsWithoutAdIdSupport */,
				CE5F99DC278330A900BFA59C /* FirebaseAppCheck */,
				CE5F99DE278330A900BFA59C /* FirebaseAppDistribution-Beta */,
				CE5F99E0278330A900BFA59C /* FirebaseAuth */,
				CE5F99E2278330A900BFA59C /* FirebaseAuthCombine-Community */,
				CE5F99E4278330A900BFA59C /* FirebaseCrashlytics */,
				CE5F99E6278330A900BFA59C /* FirebaseDatabase */,
				CE5F99E8278330A900BFA59C /* FirebaseDatabaseSwift-Beta */,
				CE5F99EA278330A900BFA59C /* FirebaseDynamicLinks */,
				CE5F99EC278330A900BFA59C /* FirebaseFirestore */,
				CE5F99EE278330A900BFA59C /* FirebaseFirestoreCombine-Community */,
				CE5F99F0278330A900BFA59C /* FirebaseFirestoreSwift-Beta */,
				CE5F99F2278330A900BFA59C /* FirebaseFunctions */,
				CE5F99F4278330A900BFA59C /* FirebaseFunctionsCombine-Community */,
				CE5F99F6278330A900BFA59C /* FirebaseInAppMessaging-Beta */,
				CE5F99F8278330A900BFA59C /* FirebaseInAppMessagingSwift-Beta */,
				CE5F99FA278330A900BFA59C /* FirebaseInstallations */,
				CE5F99FC278330A900BFA59C /* FirebaseMLModelDownloader */,
				CE5F99FE278330A900BFA59C /* FirebaseMessaging */,
				CE5F9A00278330A900BFA59C /* FirebasePerformance */,
				CE5F9A02278330A900BFA59C /* FirebaseRemoteConfig */,
				CE5F9A04278330A900BFA59C /* FirebaseStorage */,
				CE5F9A06278330A900BFA59C /* FirebaseStorageCombine-Community */,
				CE5F9A08278330A900BFA59C /* FirebaseStorageSwift-Beta */,
			);
			productName = VT6002CEM_217109054;
			productReference = CEC97B5F277E1FAF009C5D0E /* VT6002CEM_217109054.app */;
			productType = "com.apple.product-type.application";
		};
		CEC97B77277E1FB0009C5D0E /* VT6002CEM_217109054Tests */ = {
			isa = PBXNativeTarget;
			buildConfigurationList = CEC97B8F277E1FB0009C5D0E /* Build configuration list for PBXNativeTarget "VT6002CEM_217109054Tests" */;
			buildPhases = (
				7DA34987E6A39A8DC319CDAD /* [CP] Check Pods Manifest.lock */,
				CEC97B74277E1FB0009C5D0E /* Sources */,
				CEC97B75277E1FB0009C5D0E /* Frameworks */,
				CEC97B76277E1FB0009C5D0E /* Resources */,
			);
			buildRules = (
			);
			dependencies = (
				CEC97B7A277E1FB0009C5D0E /* PBXTargetDependency */,
			);
			name = VT6002CEM_217109054Tests;
			productName = VT6002CEM_217109054Tests;
			productReference = CEC97B78277E1FB0009C5D0E /* VT6002CEM_217109054Tests.xctest */;
			productType = "com.apple.product-type.bundle.unit-test";
		};
		CEC97B81277E1FB0009C5D0E /* VT6002CEM_217109054UITests */ = {
			isa = PBXNativeTarget;
			buildConfigurationList = CEC97B92277E1FB0009C5D0E /* Build configuration list for PBXNativeTarget "VT6002CEM_217109054UITests" */;
			buildPhases = (
				34ECDC3468ACB0A7A3162010 /* [CP] Check Pods Manifest.lock */,
				CEC97B7E277E1FB0009C5D0E /* Sources */,
				CEC97B7F277E1FB0009C5D0E /* Frameworks */,
				CEC97B80277E1FB0009C5D0E /* Resources */,
			);
			buildRules = (
			);
			dependencies = (
				CEC97B84277E1FB0009C5D0E /* PBXTargetDependency */,
			);
			name = VT6002CEM_217109054UITests;
			productName = VT6002CEM_217109054UITests;
			productReference = CEC97B82277E1FB0009C5D0E /* VT6002CEM_217109054UITests.xctest */;
			productType = "com.apple.product-type.bundle.ui-testing";
		};
/* End PBXNativeTarget section */

/* Begin PBXProject section */
		CEC97B57277E1FAF009C5D0E /* Project object */ = {
			isa = PBXProject;
			attributes = {
				BuildIndependentTargetsInParallel = 1;
				LastSwiftUpdateCheck = 1300;
				LastUpgradeCheck = 1300;
				TargetAttributes = {
					CEC97B5E277E1FAF009C5D0E = {
						CreatedOnToolsVersion = 13.0;
					};
					CEC97B77277E1FB0009C5D0E = {
						CreatedOnToolsVersion = 13.0;
						TestTargetID = CEC97B5E277E1FAF009C5D0E;
					};
					CEC97B81277E1FB0009C5D0E = {
						CreatedOnToolsVersion = 13.0;
						TestTargetID = CEC97B5E277E1FAF009C5D0E;
					};
				};
			};
			buildConfigurationList = CEC97B5A277E1FAF009C5D0E /* Build configuration list for PBXProject "VT6002CEM_217109054" */;
			compatibilityVersion = "Xcode 13.0";
			developmentRegion = en;
			hasScannedForEncodings = 0;
			knownRegions = (
				en,
				Base,
			);
			mainGroup = CEC97B56277E1FAF009C5D0E;
			packageReferences = (
				CE5F99D5278330A900BFA59C /* XCRemoteSwiftPackageReference "firebase-ios-sdk" */,
			);
			productRefGroup = CEC97B60277E1FAF009C5D0E /* Products */;
			projectDirPath = "";
			projectRoot = "";
			targets = (
				CEC97B5E277E1FAF009C5D0E /* VT6002CEM_217109054 */,
				CEC97B77277E1FB0009C5D0E /* VT6002CEM_217109054Tests */,
				CEC97B81277E1FB0009C5D0E /* VT6002CEM_217109054UITests */,
			);
		};
/* End PBXProject section */

/* Begin PBXResourcesBuildPhase section */
		CEC97B5D277E1FAF009C5D0E /* Resources */ = {
			isa = PBXResourcesBuildPhase;
			buildActionMask = 2147483647;
			files = (
				CEC97B72277E1FB0009C5D0E /* LaunchScreen.storyboard in Resources */,
				CE5F9A0E278358A000BFA59C /* video.mp4 in Resources */,
				CE5F99D427832F7300BFA59C /* GoogleService-Info.plist in Resources */,
				CEC97B6F277E1FB0009C5D0E /* Assets.xcassets in Resources */,
				CEC97B6A277E1FAF009C5D0E /* Main.storyboard in Resources */,
			);
			runOnlyForDeploymentPostprocessing = 0;
		};
		CEC97B76277E1FB0009C5D0E /* Resources */ = {
			isa = PBXResourcesBuildPhase;
			buildActionMask = 2147483647;
			files = (
			);
			runOnlyForDeploymentPostprocessing = 0;
		};
		CEC97B80277E1FB0009C5D0E /* Resources */ = {
			isa = PBXResourcesBuildPhase;
			buildActionMask = 2147483647;
			files = (
			);
			runOnlyForDeploymentPostprocessing = 0;
		};
/* End PBXResourcesBuildPhase section */

/* Begin PBXShellScriptBuildPhase section */
		27EEB4F631CAE05E21E6DDD2 /* [CP] Check Pods Manifest.lock */ = {
			isa = PBXShellScriptBuildPhase;
			buildActionMask = 2147483647;
			files = (
			);
			inputFileListPaths = (
			);
			inputPaths = (
				"${PODS_PODFILE_DIR_PATH}/Podfile.lock",
				"${PODS_ROOT}/Manifest.lock",
			);
			name = "[CP] Check Pods Manifest.lock";
			outputFileListPaths = (
			);
			outputPaths = (
				"$(DERIVED_FILE_DIR)/Pods-VT6002CEM_217109054-checkManifestLockResult.txt",
			);
			runOnlyForDeploymentPostprocessing = 0;
			shellPath = /bin/sh;
			shellScript = "diff \"${PODS_PODFILE_DIR_PATH}/Podfile.lock\" \"${PODS_ROOT}/Manifest.lock\" > /dev/null\nif [ $? != 0 ] ; then\n    # print error to STDERR\n    echo \"error: The sandbox is not in sync with the Podfile.lock. Run 'pod install' or update your CocoaPods installation.\" >&2\n    exit 1\nfi\n# This output is used by Xcode 'outputs' to avoid re-running this script phase.\necho \"SUCCESS\" > \"${SCRIPT_OUTPUT_FILE_0}\"\n";
			showEnvVarsInLog = 0;
		};
		34ECDC3468ACB0A7A3162010 /* [CP] Check Pods Manifest.lock */ = {
			isa = PBXShellScriptBuildPhase;
			buildActionMask = 2147483647;
			files = (
			);
			inputFileListPaths = (
			);
			inputPaths = (
				"${PODS_PODFILE_DIR_PATH}/Podfile.lock",
				"${PODS_ROOT}/Manifest.lock",
			);
			name = "[CP] Check Pods Manifest.lock";
			outputFileListPaths = (
			);
			outputPaths = (
				"$(DERIVED_FILE_DIR)/Pods-VT6002CEM_217109054-VT6002CEM_217109054UITests-checkManifestLockResult.txt",
			);
			runOnlyForDeploymentPostprocessing = 0;
			shellPath = /bin/sh;
			shellScript = "diff \"${PODS_PODFILE_DIR_PATH}/Podfile.lock\" \"${PODS_ROOT}/Manifest.lock\" > /dev/null\nif [ $? != 0 ] ; then\n    # print error to STDERR\n    echo \"error: The sandbox is not in sync with the Podfile.lock. Run 'pod install' or update your CocoaPods installation.\" >&2\n    exit 1\nfi\n# This output is used by Xcode 'outputs' to avoid re-running this script phase.\necho \"SUCCESS\" > \"${SCRIPT_OUTPUT_FILE_0}\"\n";
			showEnvVarsInLog = 0;
		};
		7DA34987E6A39A8DC319CDAD /* [CP] Check Pods Manifest.lock */ = {
			isa = PBXShellScriptBuildPhase;
			buildActionMask = 2147483647;
			files = (
			);
			inputFileListPaths = (
			);
			inputPaths = (
				"${PODS_PODFILE_DIR_PATH}/Podfile.lock",
				"${PODS_ROOT}/Manifest.lock",
			);
			name = "[CP] Check Pods Manifest.lock";
			outputFileListPaths = (
			);
			outputPaths = (
				"$(DERIVED_FILE_DIR)/Pods-VT6002CEM_217109054Tests-checkManifestLockResult.txt",
			);
			runOnlyForDeploymentPostprocessing = 0;
			shellPath = /bin/sh;
			shellScript = "diff \"${PODS_PODFILE_DIR_PATH}/Podfile.lock\" \"${PODS_ROOT}/Manifest.lock\" > /dev/null\nif [ $? != 0 ] ; then\n    # print error to STDERR\n    echo \"error: The sandbox is not in sync with the Podfile.lock. Run 'pod install' or update your CocoaPods installation.\" >&2\n    exit 1\nfi\n# This output is used by Xcode 'outputs' to avoid re-running this script phase.\necho \"SUCCESS\" > \"${SCRIPT_OUTPUT_FILE_0}\"\n";
			showEnvVarsInLog = 0;
		};
/* End PBXShellScriptBuildPhase section */

/* Begin PBXSourcesBuildPhase section */
		CEC97B5B277E1FAF009C5D0E /* Sources */ = {
			isa = PBXSourcesBuildPhase;
			buildActionMask = 2147483647;
			files = (
				CE90284E2782F447000EC8AE /* LoginViewController.swift in Sources */,
				CE1C62F8278C84270020820E /* TableViewController.swift in Sources */,
				CEC97B67277E1FAF009C5D0E /* ViewController.swift in Sources */,
				CE1C6300278CA6B90020820E /* NoteCell.swift in Sources */,
				CE0573C827844C9D00CBB247 /* MainTabController.swift in Sources */,
				CE1C6301278CA6B90020820E /* Note.swift in Sources */,
				CE44CDC0278B6AAB00BB464D /* MapKitController.swift in Sources */,
				CEC97B63277E1FAF009C5D0E /* AppDelegate.swift in Sources */,
				CEC97B6D277E1FAF009C5D0E /* VT6002CEM_217109054.xcdatamodeld in Sources */,
				CE1C62FF278CA6B90020820E /* NoteTableView.swift in Sources */,
				CEC97B65277E1FAF009C5D0E /* SceneDelegate.swift in Sources */,
				CE2185DB278D9234005189A0 /* NavigationController.swift in Sources */,
				CE9028502782F460000EC8AE /* HomeViewController.swift in Sources */,
				CE1C6302278CA6B90020820E /* NoteDetailVC.swift in Sources */,
				CE90285327830D54000EC8AE /* Utilities.swift in Sources */,
				CE0573CA27845EA800CBB247 /* Service.swift in Sources */,
				CE90284C2782F424000EC8AE /* SignUpViewController.swift in Sources */,
				CE3CE0D22787780E005811DB /* WebViewController.swift in Sources */,
				CE2185D5278D6A93005189A0 /* UserInfoViewController.swift in Sources */,
				CE1C62FA278C846A0020820E /* ActivityController.swift in Sources */,
				CE2185D7278D8CF7005189A0 /* FaceIDViewController.swift in Sources */,
				CE5F9A0B27833BA600BFA59C /* Constants.swift in Sources */,
			);
			runOnlyForDeploymentPostprocessing = 0;
		};
		CEC97B74277E1FB0009C5D0E /* Sources */ = {
			isa = PBXSourcesBuildPhase;
			buildActionMask = 2147483647;
			files = (
				CEC97B7D277E1FB0009C5D0E /* VT6002CEM_217109054Tests.swift in Sources */,
			);
			runOnlyForDeploymentPostprocessing = 0;
		};
		CEC97B7E277E1FB0009C5D0E /* Sources */ = {
			isa = PBXSourcesBuildPhase;
			buildActionMask = 2147483647;
			files = (
				CEC97B89277E1FB0009C5D0E /* VT6002CEM_217109054UITestsLaunchTests.swift in Sources */,
				CEC97B87277E1FB0009C5D0E /* VT6002CEM_217109054UITests.swift in Sources */,
			);
			runOnlyForDeploymentPostprocessing = 0;
		};
/* End PBXSourcesBuildPhase section */

/* Begin PBXTargetDependency section */
		CEC97B7A277E1FB0009C5D0E /* PBXTargetDependency */ = {
			isa = PBXTargetDependency;
			target = CEC97B5E277E1FAF009C5D0E /* VT6002CEM_217109054 */;
			targetProxy = CEC97B79277E1FB0009C5D0E /* PBXContainerItemProxy */;
		};
		CEC97B84277E1FB0009C5D0E /* PBXTargetDependency */ = {
			isa = PBXTargetDependency;
			target = CEC97B5E277E1FAF009C5D0E /* VT6002CEM_217109054 */;
			targetProxy = CEC97B83277E1FB0009C5D0E /* PBXContainerItemProxy */;
		};
/* End PBXTargetDependency section */

/* Begin PBXVariantGroup section */
		CEC97B68277E1FAF009C5D0E /* Main.storyboard */ = {
			isa = PBXVariantGroup;
			children = (
				CEC97B69277E1FAF009C5D0E /* Base */,
			);
			name = Main.storyboard;
			sourceTree = "<group>";
		};
		CEC97B70277E1FB0009C5D0E /* LaunchScreen.storyboard */ = {
			isa = PBXVariantGroup;
			children = (
				CEC97B71277E1FB0009C5D0E /* Base */,
			);
			name = LaunchScreen.storyboard;
			sourceTree = "<group>";
		};
/* End PBXVariantGroup section */

/* Begin XCBuildConfiguration section */
		CEC97B8A277E1FB0009C5D0E /* Debug */ = {
			isa = XCBuildConfiguration;
			buildSettings = {
				ALWAYS_SEARCH_USER_PATHS = NO;
				CLANG_ANALYZER_NONNULL = YES;
				CLANG_ANALYZER_NUMBER_OBJECT_CONVERSION = YES_AGGRESSIVE;
				CLANG_CXX_LANGUAGE_STANDARD = "gnu++17";
				CLANG_CXX_LIBRARY = "libc++";
				CLANG_ENABLE_MODULES = YES;
				CLANG_ENABLE_OBJC_ARC = YES;
				CLANG_ENABLE_OBJC_WEAK = YES;
				CLANG_WARN_BLOCK_CAPTURE_AUTORELEASING = YES;
				CLANG_WARN_BOOL_CONVERSION = YES;
				CLANG_WARN_COMMA = YES;
				CLANG_WARN_CONSTANT_CONVERSION = YES;
				CLANG_WARN_DEPRECATED_OBJC_IMPLEMENTATIONS = YES;
				CLANG_WARN_DIRECT_OBJC_ISA_USAGE = YES_ERROR;
				CLANG_WARN_DOCUMENTATION_COMMENTS = YES;
				CLANG_WARN_EMPTY_BODY = YES;
				CLANG_WARN_ENUM_CONVERSION = YES;
				CLANG_WARN_INFINITE_RECURSION = YES;
				CLANG_WARN_INT_CONVERSION = YES;
				CLANG_WARN_NON_LITERAL_NULL_CONVERSION = YES;
				CLANG_WARN_OBJC_IMPLICIT_RETAIN_SELF = YES;
				CLANG_WARN_OBJC_LITERAL_CONVERSION = YES;
				CLANG_WARN_OBJC_ROOT_CLASS = YES_ERROR;
				CLANG_WARN_QUOTED_INCLUDE_IN_FRAMEWORK_HEADER = YES;
				CLANG_WARN_RANGE_LOOP_ANALYSIS = YES;
				CLANG_WARN_STRICT_PROTOTYPES = YES;
				CLANG_WARN_SUSPICIOUS_MOVE = YES;
				CLANG_WARN_UNGUARDED_AVAILABILITY = YES_AGGRESSIVE;
				CLANG_WARN_UNREACHABLE_CODE = YES;
				CLANG_WARN__DUPLICATE_METHOD_MATCH = YES;
				COPY_PHASE_STRIP = NO;
				DEBUG_INFORMATION_FORMAT = dwarf;
				ENABLE_STRICT_OBJC_MSGSEND = YES;
				ENABLE_TESTABILITY = YES;
				GCC_C_LANGUAGE_STANDARD = gnu11;
				GCC_DYNAMIC_NO_PIC = NO;
				GCC_NO_COMMON_BLOCKS = YES;
				GCC_OPTIMIZATION_LEVEL = 0;
				GCC_PREPROCESSOR_DEFINITIONS = (
					"DEBUG=1",
					"$(inherited)",
				);
				GCC_WARN_64_TO_32_BIT_CONVERSION = YES;
				GCC_WARN_ABOUT_RETURN_TYPE = YES_ERROR;
				GCC_WARN_UNDECLARED_SELECTOR = YES;
				GCC_WARN_UNINITIALIZED_AUTOS = YES_AGGRESSIVE;
				GCC_WARN_UNUSED_FUNCTION = YES;
				GCC_WARN_UNUSED_VARIABLE = YES;
				IPHONEOS_DEPLOYMENT_TARGET = 15.0;
				MTL_ENABLE_DEBUG_INFO = INCLUDE_SOURCE;
				MTL_FAST_MATH = YES;
				ONLY_ACTIVE_ARCH = YES;
				SDKROOT = iphoneos;
				SWIFT_ACTIVE_COMPILATION_CONDITIONS = DEBUG;
				SWIFT_OPTIMIZATION_LEVEL = "-Onone";
			};
			name = Debug;
		};
		CEC97B8B277E1FB0009C5D0E /* Release */ = {
			isa = XCBuildConfiguration;
			buildSettings = {
				ALWAYS_SEARCH_USER_PATHS = NO;
				CLANG_ANALYZER_NONNULL = YES;
				CLANG_ANALYZER_NUMBER_OBJECT_CONVERSION = YES_AGGRESSIVE;
				CLANG_CXX_LANGUAGE_STANDARD = "gnu++17";
				CLANG_CXX_LIBRARY = "libc++";
				CLANG_ENABLE_MODULES = YES;
				CLANG_ENABLE_OBJC_ARC = YES;
				CLANG_ENABLE_OBJC_WEAK = YES;
				CLANG_WARN_BLOCK_CAPTURE_AUTORELEASING = YES;
				CLANG_WARN_BOOL_CONVERSION = YES;
				CLANG_WARN_COMMA = YES;
				CLANG_WARN_CONSTANT_CONVERSION = YES;
				CLANG_WARN_DEPRECATED_OBJC_IMPLEMENTATIONS = YES;
				CLANG_WARN_DIRECT_OBJC_ISA_USAGE = YES_ERROR;
				CLANG_WARN_DOCUMENTATION_COMMENTS = YES;
				CLANG_WARN_EMPTY_BODY = YES;
				CLANG_WARN_ENUM_CONVERSION = YES;
				CLANG_WARN_INFINITE_RECURSION = YES;
				CLANG_WARN_INT_CONVERSION = YES;
				CLANG_WARN_NON_LITERAL_NULL_CONVERSION = YES;
				CLANG_WARN_OBJC_IMPLICIT_RETAIN_SELF = YES;
				CLANG_WARN_OBJC_LITERAL_CONVERSION = YES;
				CLANG_WARN_OBJC_ROOT_CLASS = YES_ERROR;
				CLANG_WARN_QUOTED_INCLUDE_IN_FRAMEWORK_HEADER = YES;
				CLANG_WARN_RANGE_LOOP_ANALYSIS = YES;
				CLANG_WARN_STRICT_PROTOTYPES = YES;
				CLANG_WARN_SUSPICIOUS_MOVE = YES;
				CLANG_WARN_UNGUARDED_AVAILABILITY = YES_AGGRESSIVE;
				CLANG_WARN_UNREACHABLE_CODE = YES;
				CLANG_WARN__DUPLICATE_METHOD_MATCH = YES;
				COPY_PHASE_STRIP = NO;
				DEBUG_INFORMATION_FORMAT = "dwarf-with-dsym";
				ENABLE_NS_ASSERTIONS = NO;
				ENABLE_STRICT_OBJC_MSGSEND = YES;
				GCC_C_LANGUAGE_STANDARD = gnu11;
				GCC_NO_COMMON_BLOCKS = YES;
				GCC_WARN_64_TO_32_BIT_CONVERSION = YES;
				GCC_WARN_ABOUT_RETURN_TYPE = YES_ERROR;
				GCC_WARN_UNDECLARED_SELECTOR = YES;
				GCC_WARN_UNINITIALIZED_AUTOS = YES_AGGRESSIVE;
				GCC_WARN_UNUSED_FUNCTION = YES;
				GCC_WARN_UNUSED_VARIABLE = YES;
				IPHONEOS_DEPLOYMENT_TARGET = 15.0;
				MTL_ENABLE_DEBUG_INFO = NO;
				MTL_FAST_MATH = YES;
				SDKROOT = iphoneos;
				SWIFT_COMPILATION_MODE = wholemodule;
				SWIFT_OPTIMIZATION_LEVEL = "-O";
				VALIDATE_PRODUCT = YES;
			};
			name = Release;
		};
		CEC97B8D277E1FB0009C5D0E /* Debug */ = {
			isa = XCBuildConfiguration;
			baseConfigurationReference = E846C04DD5B643AB835BA55A /* Pods-VT6002CEM_217109054.debug.xcconfig */;
			buildSettings = {
				ASSETCATALOG_COMPILER_APPICON_NAME = AppIcon;
				ASSETCATALOG_COMPILER_GLOBAL_ACCENT_COLOR_NAME = AccentColor;
				CODE_SIGN_STYLE = Automatic;
				CURRENT_PROJECT_VERSION = 1;
				DEVELOPMENT_TEAM = ZQQUH5GA97;
				GENERATE_INFOPLIST_FILE = YES;
				INFOPLIST_FILE = VT6002CEM_217109054/Info.plist;
				INFOPLIST_KEY_UIApplicationSupportsIndirectInputEvents = YES;
				INFOPLIST_KEY_UILaunchStoryboardName = LaunchScreen;
				INFOPLIST_KEY_UIMainStoryboardFile = Main;
				INFOPLIST_KEY_UISupportedInterfaceOrientations_iPad = "UIInterfaceOrientationPortrait UIInterfaceOrientationPortraitUpsideDown UIInterfaceOrientationLandscapeLeft UIInterfaceOrientationLandscapeRight";
				INFOPLIST_KEY_UISupportedInterfaceOrientations_iPhone = "UIInterfaceOrientationPortrait UIInterfaceOrientationLandscapeLeft UIInterfaceOrientationLandscapeRight";
				LD_RUNPATH_SEARCH_PATHS = (
					"$(inherited)",
					"@executable_path/Frameworks",
				);
				MARKETING_VERSION = 1.0;
				PRODUCT_BUNDLE_IDENTIFIER = "WongChunKit.VT6002CEM-217109054";
				PRODUCT_NAME = "$(TARGET_NAME)";
				SWIFT_EMIT_LOC_STRINGS = YES;
				SWIFT_VERSION = 5.0;
				TARGETED_DEVICE_FAMILY = "1,2";
			};
			name = Debug;
		};
		CEC97B8E277E1FB0009C5D0E /* Release */ = {
			isa = XCBuildConfiguration;
			baseConfigurationReference = DACEA90A23D067F69C4DD643 /* Pods-VT6002CEM_217109054.release.xcconfig */;
			buildSettings = {
				ASSETCATALOG_COMPILER_APPICON_NAME = AppIcon;
				ASSETCATALOG_COMPILER_GLOBAL_ACCENT_COLOR_NAME = AccentColor;
				CODE_SIGN_STYLE = Automatic;
				CURRENT_PROJECT_VERSION = 1;
				DEVELOPMENT_TEAM = ZQQUH5GA97;
				GENERATE_INFOPLIST_FILE = YES;
				INFOPLIST_FILE = VT6002CEM_217109054/Info.plist;
				INFOPLIST_KEY_UIApplicationSupportsIndirectInputEvents = YES;
				INFOPLIST_KEY_UILaunchStoryboardName = LaunchScreen;
				INFOPLIST_KEY_UIMainStoryboardFile = Main;
				INFOPLIST_KEY_UISupportedInterfaceOrientations_iPad = "UIInterfaceOrientationPortrait UIInterfaceOrientationPortraitUpsideDown UIInterfaceOrientationLandscapeLeft UIInterfaceOrientationLandscapeRight";
				INFOPLIST_KEY_UISupportedInterfaceOrientations_iPhone = "UIInterfaceOrientationPortrait UIInterfaceOrientationLandscapeLeft UIInterfaceOrientationLandscapeRight";
				LD_RUNPATH_SEARCH_PATHS = (
					"$(inherited)",
					"@executable_path/Frameworks",
				);
				MARKETING_VERSION = 1.0;
				PRODUCT_BUNDLE_IDENTIFIER = "WongChunKit.VT6002CEM-217109054";
				PRODUCT_NAME = "$(TARGET_NAME)";
				SWIFT_EMIT_LOC_STRINGS = YES;
				SWIFT_VERSION = 5.0;
				TARGETED_DEVICE_FAMILY = "1,2";
			};
			name = Release;
		};
		CEC97B90277E1FB0009C5D0E /* Debug */ = {
			isa = XCBuildConfiguration;
			baseConfigurationReference = 524D04CD3F91CFC460CB1BF1 /* Pods-VT6002CEM_217109054Tests.debug.xcconfig */;
			buildSettings = {
				ALWAYS_EMBED_SWIFT_STANDARD_LIBRARIES = YES;
				BUNDLE_LOADER = "$(TEST_HOST)";
				CODE_SIGN_STYLE = Automatic;
				CURRENT_PROJECT_VERSION = 1;
				GENERATE_INFOPLIST_FILE = YES;
				IPHONEOS_DEPLOYMENT_TARGET = 15.0;
				LD_RUNPATH_SEARCH_PATHS = (
					"$(inherited)",
					"@executable_path/Frameworks",
					"@loader_path/Frameworks",
				);
				MARKETING_VERSION = 1.0;
				PRODUCT_BUNDLE_IDENTIFIER = "WongChunKit.VT6002CEM-217109054Tests";
				PRODUCT_NAME = "$(TARGET_NAME)";
				SWIFT_EMIT_LOC_STRINGS = NO;
				SWIFT_VERSION = 5.0;
				TARGETED_DEVICE_FAMILY = "1,2";
				TEST_HOST = "$(BUILT_PRODUCTS_DIR)/VT6002CEM_217109054.app/VT6002CEM_217109054";
			};
			name = Debug;
		};
		CEC97B91277E1FB0009C5D0E /* Release */ = {
			isa = XCBuildConfiguration;
			baseConfigurationReference = C8C9536948F2AFF656CB38A0 /* Pods-VT6002CEM_217109054Tests.release.xcconfig */;
			buildSettings = {
				ALWAYS_EMBED_SWIFT_STANDARD_LIBRARIES = YES;
				BUNDLE_LOADER = "$(TEST_HOST)";
				CODE_SIGN_STYLE = Automatic;
				CURRENT_PROJECT_VERSION = 1;
				GENERATE_INFOPLIST_FILE = YES;
				IPHONEOS_DEPLOYMENT_TARGET = 15.0;
				LD_RUNPATH_SEARCH_PATHS = (
					"$(inherited)",
					"@executable_path/Frameworks",
					"@loader_path/Frameworks",
				);
				MARKETING_VERSION = 1.0;
				PRODUCT_BUNDLE_IDENTIFIER = "WongChunKit.VT6002CEM-217109054Tests";
				PRODUCT_NAME = "$(TARGET_NAME)";
				SWIFT_EMIT_LOC_STRINGS = NO;
				SWIFT_VERSION = 5.0;
				TARGETED_DEVICE_FAMILY = "1,2";
				TEST_HOST = "$(BUILT_PRODUCTS_DIR)/VT6002CEM_217109054.app/VT6002CEM_217109054";
			};
			name = Release;
		};
		CEC97B93277E1FB0009C5D0E /* Debug */ = {
			isa = XCBuildConfiguration;
			baseConfigurationReference = E32A1F851F81CAD8A152EFE0 /* Pods-VT6002CEM_217109054-VT6002CEM_217109054UITests.debug.xcconfig */;
			buildSettings = {
				ALWAYS_EMBED_SWIFT_STANDARD_LIBRARIES = YES;
				CODE_SIGN_STYLE = Automatic;
				CURRENT_PROJECT_VERSION = 1;
				GENERATE_INFOPLIST_FILE = YES;
				LD_RUNPATH_SEARCH_PATHS = (
					"$(inherited)",
					"@executable_path/Frameworks",
					"@loader_path/Frameworks",
				);
				MARKETING_VERSION = 1.0;
				PRODUCT_BUNDLE_IDENTIFIER = "WongChunKit.VT6002CEM-217109054UITests";
				PRODUCT_NAME = "$(TARGET_NAME)";
				SWIFT_EMIT_LOC_STRINGS = NO;
				SWIFT_VERSION = 5.0;
				TARGETED_DEVICE_FAMILY = "1,2";
				TEST_TARGET_NAME = VT6002CEM_217109054;
			};
			name = Debug;
		};
		CEC97B94277E1FB0009C5D0E /* Release */ = {
			isa = XCBuildConfiguration;
			baseConfigurationReference = 3175A0678E1F2A5B9CADC495 /* Pods-VT6002CEM_217109054-VT6002CEM_217109054UITests.release.xcconfig */;
			buildSettings = {
				ALWAYS_EMBED_SWIFT_STANDARD_LIBRARIES = YES;
				CODE_SIGN_STYLE = Automatic;
				CURRENT_PROJECT_VERSION = 1;
				GENERATE_INFOPLIST_FILE = YES;
				LD_RUNPATH_SEARCH_PATHS = (
					"$(inherited)",
					"@executable_path/Frameworks",
					"@loader_path/Frameworks",
				);
				MARKETING_VERSION = 1.0;
				PRODUCT_BUNDLE_IDENTIFIER = "WongChunKit.VT6002CEM-217109054UITests";
				PRODUCT_NAME = "$(TARGET_NAME)";
				SWIFT_EMIT_LOC_STRINGS = NO;
				SWIFT_VERSION = 5.0;
				TARGETED_DEVICE_FAMILY = "1,2";
				TEST_TARGET_NAME = VT6002CEM_217109054;
			};
			name = Release;
		};
/* End XCBuildConfiguration section */

/* Begin XCConfigurationList section */
		CEC97B5A277E1FAF009C5D0E /* Build configuration list for PBXProject "VT6002CEM_217109054" */ = {
			isa = XCConfigurationList;
			buildConfigurations = (
				CEC97B8A277E1FB0009C5D0E /* Debug */,
				CEC97B8B277E1FB0009C5D0E /* Release */,
			);
			defaultConfigurationIsVisible = 0;
			defaultConfigurationName = Release;
		};
		CEC97B8C277E1FB0009C5D0E /* Build configuration list for PBXNativeTarget "VT6002CEM_217109054" */ = {
			isa = XCConfigurationList;
			buildConfigurations = (
				CEC97B8D277E1FB0009C5D0E /* Debug */,
				CEC97B8E277E1FB0009C5D0E /* Release */,
			);
			defaultConfigurationIsVisible = 0;
			defaultConfigurationName = Release;
		};
		CEC97B8F277E1FB0009C5D0E /* Build configuration list for PBXNativeTarget "VT6002CEM_217109054Tests" */ = {
			isa = XCConfigurationList;
			buildConfigurations = (
				CEC97B90277E1FB0009C5D0E /* Debug */,
				CEC97B91277E1FB0009C5D0E /* Release */,
			);
			defaultConfigurationIsVisible = 0;
			defaultConfigurationName = Release;
		};
		CEC97B92277E1FB0009C5D0E /* Build configuration list for PBXNativeTarget "VT6002CEM_217109054UITests" */ = {
			isa = XCConfigurationList;
			buildConfigurations = (
				CEC97B93277E1FB0009C5D0E /* Debug */,
				CEC97B94277E1FB0009C5D0E /* Release */,
			);
			defaultConfigurationIsVisible = 0;
			defaultConfigurationName = Release;
		};
/* End XCConfigurationList section */

/* Begin XCRemoteSwiftPackageReference section */
		CE5F99D5278330A900BFA59C /* XCRemoteSwiftPackageReference "firebase-ios-sdk" */ = {
			isa = XCRemoteSwiftPackageReference;
			repositoryURL = "https://github.com/firebase/firebase-ios-sdk";
			requirement = {
				kind = upToNextMajorVersion;
				minimumVersion = 8.0.0;
			};
		};
/* End XCRemoteSwiftPackageReference section */

/* Begin XCSwiftPackageProductDependency section */
		CE5F99D6278330A900BFA59C /* FirebaseAnalytics */ = {
			isa = XCSwiftPackageProductDependency;
			package = CE5F99D5278330A900BFA59C /* XCRemoteSwiftPackageReference "firebase-ios-sdk" */;
			productName = FirebaseAnalytics;
		};
		CE5F99D8278330A900BFA59C /* FirebaseAnalyticsSwift-Beta */ = {
			isa = XCSwiftPackageProductDependency;
			package = CE5F99D5278330A900BFA59C /* XCRemoteSwiftPackageReference "firebase-ios-sdk" */;
			productName = "FirebaseAnalyticsSwift-Beta";
		};
		CE5F99DA278330A900BFA59C /* FirebaseAnalyticsWithoutAdIdSupport */ = {
			isa = XCSwiftPackageProductDependency;
			package = CE5F99D5278330A900BFA59C /* XCRemoteSwiftPackageReference "firebase-ios-sdk" */;
			productName = FirebaseAnalyticsWithoutAdIdSupport;
		};
		CE5F99DC278330A900BFA59C /* FirebaseAppCheck */ = {
			isa = XCSwiftPackageProductDependency;
			package = CE5F99D5278330A900BFA59C /* XCRemoteSwiftPackageReference "firebase-ios-sdk" */;
			productName = FirebaseAppCheck;
		};
		CE5F99DE278330A900BFA59C /* FirebaseAppDistribution-Beta */ = {
			isa = XCSwiftPackageProductDependency;
			package = CE5F99D5278330A900BFA59C /* XCRemoteSwiftPackageReference "firebase-ios-sdk" */;
			productName = "FirebaseAppDistribution-Beta";
		};
		CE5F99E0278330A900BFA59C /* FirebaseAuth */ = {
			isa = XCSwiftPackageProductDependency;
			package = CE5F99D5278330A900BFA59C /* XCRemoteSwiftPackageReference "firebase-ios-sdk" */;
			productName = FirebaseAuth;
		};
		CE5F99E2278330A900BFA59C /* FirebaseAuthCombine-Community */ = {
			isa = XCSwiftPackageProductDependency;
			package = CE5F99D5278330A900BFA59C /* XCRemoteSwiftPackageReference "firebase-ios-sdk" */;
			productName = "FirebaseAuthCombine-Community";
		};
		CE5F99E4278330A900BFA59C /* FirebaseCrashlytics */ = {
			isa = XCSwiftPackageProductDependency;
			package = CE5F99D5278330A900BFA59C /* XCRemoteSwiftPackageReference "firebase-ios-sdk" */;
			productName = FirebaseCrashlytics;
		};
		CE5F99E6278330A900BFA59C /* FirebaseDatabase */ = {
			isa = XCSwiftPackageProductDependency;
			package = CE5F99D5278330A900BFA59C /* XCRemoteSwiftPackageReference "firebase-ios-sdk" */;
			productName = FirebaseDatabase;
		};
		CE5F99E8278330A900BFA59C /* FirebaseDatabaseSwift-Beta */ = {
			isa = XCSwiftPackageProductDependency;
			package = CE5F99D5278330A900BFA59C /* XCRemoteSwiftPackageReference "firebase-ios-sdk" */;
			productName = "FirebaseDatabaseSwift-Beta";
		};
		CE5F99EA278330A900BFA59C /* FirebaseDynamicLinks */ = {
			isa = XCSwiftPackageProductDependency;
			package = CE5F99D5278330A900BFA59C /* XCRemoteSwiftPackageReference "firebase-ios-sdk" */;
			productName = FirebaseDynamicLinks;
		};
		CE5F99EC278330A900BFA59C /* FirebaseFirestore */ = {
			isa = XCSwiftPackageProductDependency;
			package = CE5F99D5278330A900BFA59C /* XCRemoteSwiftPackageReference "firebase-ios-sdk" */;
			productName = FirebaseFirestore;
		};
		CE5F99EE278330A900BFA59C /* FirebaseFirestoreCombine-Community */ = {
			isa = XCSwiftPackageProductDependency;
			package = CE5F99D5278330A900BFA59C /* XCRemoteSwiftPackageReference "firebase-ios-sdk" */;
			productName = "FirebaseFirestoreCombine-Community";
		};
		CE5F99F0278330A900BFA59C /* FirebaseFirestoreSwift-Beta */ = {
			isa = XCSwiftPackageProductDependency;
			package = CE5F99D5278330A900BFA59C /* XCRemoteSwiftPackageReference "firebase-ios-sdk" */;
			productName = "FirebaseFirestoreSwift-Beta";
		};
		CE5F99F2278330A900BFA59C /* FirebaseFunctions */ = {
			isa = XCSwiftPackageProductDependency;
			package = CE5F99D5278330A900BFA59C /* XCRemoteSwiftPackageReference "firebase-ios-sdk" */;
			productName = FirebaseFunctions;
		};
		CE5F99F4278330A900BFA59C /* FirebaseFunctionsCombine-Community */ = {
			isa = XCSwiftPackageProductDependency;
			package = CE5F99D5278330A900BFA59C /* XCRemoteSwiftPackageReference "firebase-ios-sdk" */;
			productName = "FirebaseFunctionsCombine-Community";
		};
		CE5F99F6278330A900BFA59C /* FirebaseInAppMessaging-Beta */ = {
			isa = XCSwiftPackageProductDependency;
			package = CE5F99D5278330A900BFA59C /* XCRemoteSwiftPackageReference "firebase-ios-sdk" */;
			productName = "FirebaseInAppMessaging-Beta";
		};
		CE5F99F8278330A900BFA59C /* FirebaseInAppMessagingSwift-Beta */ = {
			isa = XCSwiftPackageProductDependency;
			package = CE5F99D5278330A900BFA59C /* XCRemoteSwiftPackageReference "firebase-ios-sdk" */;
			productName = "FirebaseInAppMessagingSwift-Beta";
		};
		CE5F99FA278330A900BFA59C /* FirebaseInstallations */ = {
			isa = XCSwiftPackageProductDependency;
			package = CE5F99D5278330A900BFA59C /* XCRemoteSwiftPackageReference "firebase-ios-sdk" */;
			productName = FirebaseInstallations;
		};
		CE5F99FC278330A900BFA59C /* FirebaseMLModelDownloader */ = {
			isa = XCSwiftPackageProductDependency;
			package = CE5F99D5278330A900BFA59C /* XCRemoteSwiftPackageReference "firebase-ios-sdk" */;
			productName = FirebaseMLModelDownloader;
		};
		CE5F99FE278330A900BFA59C /* FirebaseMessaging */ = {
			isa = XCSwiftPackageProductDependency;
			package = CE5F99D5278330A900BFA59C /* XCRemoteSwiftPackageReference "firebase-ios-sdk" */;
			productName = FirebaseMessaging;
		};
		CE5F9A00278330A900BFA59C /* FirebasePerformance */ = {
			isa = XCSwiftPackageProductDependency;
			package = CE5F99D5278330A900BFA59C /* XCRemoteSwiftPackageReference "firebase-ios-sdk" */;
			productName = FirebasePerformance;
		};
		CE5F9A02278330A900BFA59C /* FirebaseRemoteConfig */ = {
			isa = XCSwiftPackageProductDependency;
			package = CE5F99D5278330A900BFA59C /* XCRemoteSwiftPackageReference "firebase-ios-sdk" */;
			productName = FirebaseRemoteConfig;
		};
		CE5F9A04278330A900BFA59C /* FirebaseStorage */ = {
			isa = XCSwiftPackageProductDependency;
			package = CE5F99D5278330A900BFA59C /* XCRemoteSwiftPackageReference "firebase-ios-sdk" */;
			productName = FirebaseStorage;
		};
		CE5F9A06278330A900BFA59C /* FirebaseStorageCombine-Community */ = {
			isa = XCSwiftPackageProductDependency;
			package = CE5F99D5278330A900BFA59C /* XCRemoteSwiftPackageReference "firebase-ios-sdk" */;
			productName = "FirebaseStorageCombine-Community";
		};
		CE5F9A08278330A900BFA59C /* FirebaseStorageSwift-Beta */ = {
			isa = XCSwiftPackageProductDependency;
			package = CE5F99D5278330A900BFA59C /* XCRemoteSwiftPackageReference "firebase-ios-sdk" */;
			productName = "FirebaseStorageSwift-Beta";
		};
/* End XCSwiftPackageProductDependency section */

/* Begin XCVersionGroup section */
		CEC97B6B277E1FAF009C5D0E /* VT6002CEM_217109054.xcdatamodeld */ = {
			isa = XCVersionGroup;
			children = (
				CEC97B6C277E1FAF009C5D0E /* VT6002CEM_217109054.xcdatamodel */,
			);
			currentVersion = CEC97B6C277E1FAF009C5D0E /* VT6002CEM_217109054.xcdatamodel */;
			path = VT6002CEM_217109054.xcdatamodeld;
			sourceTree = "<group>";
			versionGroupType = wrapper.xcdatamodel;
		};
/* End XCVersionGroup section */
	};
	rootObject = CEC97B57277E1FAF009C5D0E /* Project object */;
}
